// !$*UTF8*$!
{
	archiveVersion = 1;
	classes = {
	};
	objectVersion = 55;
	objects = {

/* Begin PBXBuildFile section */
		168D8A2E2755CB7700818FBF /* TimerCardModel.swift in Sources */ = {isa = PBXBuildFile; fileRef = 168D8A2D2755CB7700818FBF /* TimerCardModel.swift */; };
		168D8A2F2755CB7700818FBF /* TimerCardModel.swift in Sources */ = {isa = PBXBuildFile; fileRef = 168D8A2D2755CB7700818FBF /* TimerCardModel.swift */; };
		16BF28AD274DB827004A708D /* TimerCardView.swift in Sources */ = {isa = PBXBuildFile; fileRef = 16BF28AC274DB827004A708D /* TimerCardView.swift */; };
		16BF28AE274DB827004A708D /* TimerCardView.swift in Sources */ = {isa = PBXBuildFile; fileRef = 16BF28AC274DB827004A708D /* TimerCardView.swift */; };
		16DF654D27488CD000134A0D /* FitnessTimerApp.swift in Sources */ = {isa = PBXBuildFile; fileRef = 16DF653D27488CCF00134A0D /* FitnessTimerApp.swift */; };
		16DF654E27488CD000134A0D /* FitnessTimerApp.swift in Sources */ = {isa = PBXBuildFile; fileRef = 16DF653D27488CCF00134A0D /* FitnessTimerApp.swift */; };
		16DF654F27488CD000134A0D /* ContentView.swift in Sources */ = {isa = PBXBuildFile; fileRef = 16DF653E27488CCF00134A0D /* ContentView.swift */; };
		16DF655027488CD000134A0D /* ContentView.swift in Sources */ = {isa = PBXBuildFile; fileRef = 16DF653E27488CCF00134A0D /* ContentView.swift */; };
		16DF655127488CD000134A0D /* Assets.xcassets in Resources */ = {isa = PBXBuildFile; fileRef = 16DF653F27488CD000134A0D /* Assets.xcassets */; };
		16DF655227488CD000134A0D /* Assets.xcassets in Resources */ = {isa = PBXBuildFile; fileRef = 16DF653F27488CD000134A0D /* Assets.xcassets */; };
		16DF655C27488D7A00134A0D /* TimerView.swift in Sources */ = {isa = PBXBuildFile; fileRef = 16DF655B27488D7A00134A0D /* TimerView.swift */; };
		16DF655D27488D7A00134A0D /* TimerView.swift in Sources */ = {isa = PBXBuildFile; fileRef = 16DF655B27488D7A00134A0D /* TimerView.swift */; };
		16DF655F27498F0900134A0D /* TimersViewModel.swift in Sources */ = {isa = PBXBuildFile; fileRef = 16DF655E27498F0900134A0D /* TimersViewModel.swift */; };
		16DF656027498F0900134A0D /* TimersViewModel.swift in Sources */ = {isa = PBXBuildFile; fileRef = 16DF655E27498F0900134A0D /* TimersViewModel.swift */; };
		16DF656227498F5400134A0D /* TimerModel.swift in Sources */ = {isa = PBXBuildFile; fileRef = 16DF656127498F5400134A0D /* TimerModel.swift */; };
		16DF656327498F5400134A0D /* TimerModel.swift in Sources */ = {isa = PBXBuildFile; fileRef = 16DF656127498F5400134A0D /* TimerModel.swift */; };
/* End PBXBuildFile section */

/* Begin PBXFileReference section */
		168D8A2D2755CB7700818FBF /* TimerCardModel.swift */ = {isa = PBXFileReference; lastKnownFileType = sourcecode.swift; path = TimerCardModel.swift; sourceTree = "<group>"; };
		16BF28AC274DB827004A708D /* TimerCardView.swift */ = {isa = PBXFileReference; lastKnownFileType = sourcecode.swift; path = TimerCardView.swift; sourceTree = "<group>"; };
		16DF653D27488CCF00134A0D /* FitnessTimerApp.swift */ = {isa = PBXFileReference; lastKnownFileType = sourcecode.swift; path = FitnessTimerApp.swift; sourceTree = "<group>"; };
		16DF653E27488CCF00134A0D /* ContentView.swift */ = {isa = PBXFileReference; lastKnownFileType = sourcecode.swift; path = ContentView.swift; sourceTree = "<group>"; };
		16DF653F27488CD000134A0D /* Assets.xcassets */ = {isa = PBXFileReference; lastKnownFileType = folder.assetcatalog; path = Assets.xcassets; sourceTree = "<group>"; };
		16DF654427488CD000134A0D /* FitnessTimer.app */ = {isa = PBXFileReference; explicitFileType = wrapper.application; includeInIndex = 0; path = FitnessTimer.app; sourceTree = BUILT_PRODUCTS_DIR; };
		16DF654A27488CD000134A0D /* FitnessTimer.app */ = {isa = PBXFileReference; explicitFileType = wrapper.application; includeInIndex = 0; path = FitnessTimer.app; sourceTree = BUILT_PRODUCTS_DIR; };
		16DF654C27488CD000134A0D /* macOS.entitlements */ = {isa = PBXFileReference; lastKnownFileType = text.plist.entitlements; path = macOS.entitlements; sourceTree = "<group>"; };
		16DF655B27488D7A00134A0D /* TimerView.swift */ = {isa = PBXFileReference; lastKnownFileType = sourcecode.swift; path = TimerView.swift; sourceTree = "<group>"; };
		16DF655E27498F0900134A0D /* TimersViewModel.swift */ = {isa = PBXFileReference; lastKnownFileType = sourcecode.swift; path = TimersViewModel.swift; sourceTree = "<group>"; };
		16DF656127498F5400134A0D /* TimerModel.swift */ = {isa = PBXFileReference; lastKnownFileType = sourcecode.swift; path = TimerModel.swift; sourceTree = "<group>"; };
/* End PBXFileReference section */

/* Begin PBXFrameworksBuildPhase section */
		16DF654127488CD000134A0D /* Frameworks */ = {
			isa = PBXFrameworksBuildPhase;
			buildActionMask = 2147483647;
			files = (
			);
			runOnlyForDeploymentPostprocessing = 0;
		};
		16DF654727488CD000134A0D /* Frameworks */ = {
			isa = PBXFrameworksBuildPhase;
			buildActionMask = 2147483647;
			files = (
			);
			runOnlyForDeploymentPostprocessing = 0;
		};
/* End PBXFrameworksBuildPhase section */

/* Begin PBXGroup section */
		16DF653727488CCF00134A0D = {
			isa = PBXGroup;
			children = (
				16DF653C27488CCF00134A0D /* Shared */,
				16DF654B27488CD000134A0D /* macOS */,
				16DF654527488CD000134A0D /* Products */,
			);
			sourceTree = "<group>";
		};
		16DF653C27488CCF00134A0D /* Shared */ = {
			isa = PBXGroup;
			children = (
				16DF653D27488CCF00134A0D /* FitnessTimerApp.swift */,
				16BF28AC274DB827004A708D /* TimerCardView.swift */,
				16DF655B27488D7A00134A0D /* TimerView.swift */,
				16DF653E27488CCF00134A0D /* ContentView.swift */,
				16DF655E27498F0900134A0D /* TimersViewModel.swift */,
				16DF656127498F5400134A0D /* TimerModel.swift */,
				168D8A2D2755CB7700818FBF /* TimerCardModel.swift */,
				16DF653F27488CD000134A0D /* Assets.xcassets */,
			);
			path = Shared;
			sourceTree = "<group>";
		};
		16DF654527488CD000134A0D /* Products */ = {
			isa = PBXGroup;
			children = (
				16DF654427488CD000134A0D /* FitnessTimer.app */,
				16DF654A27488CD000134A0D /* FitnessTimer.app */,
			);
			name = Products;
			sourceTree = "<group>";
		};
		16DF654B27488CD000134A0D /* macOS */ = {
			isa = PBXGroup;
			children = (
				16DF654C27488CD000134A0D /* macOS.entitlements */,
			);
			path = macOS;
			sourceTree = "<group>";
		};
/* End PBXGroup section */

/* Begin PBXNativeTarget section */
		16DF654327488CD000134A0D /* FitnessTimer (iOS) */ = {
			isa = PBXNativeTarget;
			buildConfigurationList = 16DF655527488CD000134A0D /* Build configuration list for PBXNativeTarget "FitnessTimer (iOS)" */;
			buildPhases = (
				16DF654027488CD000134A0D /* Sources */,
				16DF654127488CD000134A0D /* Frameworks */,
				16DF654227488CD000134A0D /* Resources */,
			);
			buildRules = (
			);
			dependencies = (
			);
			name = "FitnessTimer (iOS)";
			productName = "FitnessTimer (iOS)";
			productReference = 16DF654427488CD000134A0D /* FitnessTimer.app */;
			productType = "com.apple.product-type.application";
		};
		16DF654927488CD000134A0D /* FitnessTimer (macOS) */ = {
			isa = PBXNativeTarget;
			buildConfigurationList = 16DF655827488CD000134A0D /* Build configuration list for PBXNativeTarget "FitnessTimer (macOS)" */;
			buildPhases = (
				16DF654627488CD000134A0D /* Sources */,
				16DF654727488CD000134A0D /* Frameworks */,
				16DF654827488CD000134A0D /* Resources */,
			);
			buildRules = (
			);
			dependencies = (
			);
			name = "FitnessTimer (macOS)";
			productName = "FitnessTimer (macOS)";
			productReference = 16DF654A27488CD000134A0D /* FitnessTimer.app */;
			productType = "com.apple.product-type.application";
		};
/* End PBXNativeTarget section */

/* Begin PBXProject section */
		16DF653827488CCF00134A0D /* Project object */ = {
			isa = PBXProject;
			attributes = {
				BuildIndependentTargetsInParallel = 1;
				LastSwiftUpdateCheck = 1300;
				LastUpgradeCheck = 1300;
				TargetAttributes = {
					16DF654327488CD000134A0D = {
						CreatedOnToolsVersion = 13.0;
					};
					16DF654927488CD000134A0D = {
						CreatedOnToolsVersion = 13.0;
					};
				};
			};
			buildConfigurationList = 16DF653B27488CCF00134A0D /* Build configuration list for PBXProject "FitnessTimer" */;
			compatibilityVersion = "Xcode 13.0";
			developmentRegion = en;
			hasScannedForEncodings = 0;
			knownRegions = (
				en,
				Base,
			);
			mainGroup = 16DF653727488CCF00134A0D;
			productRefGroup = 16DF654527488CD000134A0D /* Products */;
			projectDirPath = "";
			projectRoot = "";
			targets = (
				16DF654327488CD000134A0D /* FitnessTimer (iOS) */,
				16DF654927488CD000134A0D /* FitnessTimer (macOS) */,
			);
		};
/* End PBXProject section */

/* Begin PBXResourcesBuildPhase section */
		16DF654227488CD000134A0D /* Resources */ = {
			isa = PBXResourcesBuildPhase;
			buildActionMask = 2147483647;
			files = (
				16DF655127488CD000134A0D /* Assets.xcassets in Resources */,
			);
			runOnlyForDeploymentPostprocessing = 0;
		};
		16DF654827488CD000134A0D /* Resources */ = {
			isa = PBXResourcesBuildPhase;
			buildActionMask = 2147483647;
			files = (
				16DF655227488CD000134A0D /* Assets.xcassets in Resources */,
			);
			runOnlyForDeploymentPostprocessing = 0;
		};
/* End PBXResourcesBuildPhase section */

/* Begin PBXSourcesBuildPhase section */
		16DF654027488CD000134A0D /* Sources */ = {
			isa = PBXSourcesBuildPhase;
			buildActionMask = 2147483647;
			files = (
				16DF655F27498F0900134A0D /* TimersViewModel.swift in Sources */,
				16DF655C27488D7A00134A0D /* TimerView.swift in Sources */,
				16DF656227498F5400134A0D /* TimerModel.swift in Sources */,
				16DF654F27488CD000134A0D /* ContentView.swift in Sources */,
				16BF28AD274DB827004A708D /* TimerCardView.swift in Sources */,
				16DF654D27488CD000134A0D /* FitnessTimerApp.swift in Sources */,
				168D8A2E2755CB7700818FBF /* TimerCardModel.swift in Sources */,
			);
			runOnlyForDeploymentPostprocessing = 0;
		};
		16DF654627488CD000134A0D /* Sources */ = {
			isa = PBXSourcesBuildPhase;
			buildActionMask = 2147483647;
			files = (
				16DF656027498F0900134A0D /* TimersViewModel.swift in Sources */,
				16DF655D27488D7A00134A0D /* TimerView.swift in Sources */,
				16DF656327498F5400134A0D /* TimerModel.swift in Sources */,
				16DF655027488CD000134A0D /* ContentView.swift in Sources */,
				16BF28AE274DB827004A708D /* TimerCardView.swift in Sources */,
				16DF654E27488CD000134A0D /* FitnessTimerApp.swift in Sources */,
				168D8A2F2755CB7700818FBF /* TimerCardModel.swift in Sources */,
			);
			runOnlyForDeploymentPostprocessing = 0;
		};
/* End PBXSourcesBuildPhase section */

/* Begin XCBuildConfiguration section */
		16DF655327488CD000134A0D /* Debug */ = {
			isa = XCBuildConfiguration;
			buildSettings = {
				ALWAYS_SEARCH_USER_PATHS = NO;
				CLANG_ANALYZER_NONNULL = YES;
				CLANG_ANALYZER_NUMBER_OBJECT_CONVERSION = YES_AGGRESSIVE;
				CLANG_CXX_LANGUAGE_STANDARD = "gnu++17";
				CLANG_CXX_LIBRARY = "libc++";
				CLANG_ENABLE_MODULES = YES;
				CLANG_ENABLE_OBJC_ARC = YES;
				CLANG_ENABLE_OBJC_WEAK = YES;
				CLANG_WARN_BLOCK_CAPTURE_AUTORELEASING = YES;
				CLANG_WARN_BOOL_CONVERSION = YES;
				CLANG_WARN_COMMA = YES;
				CLANG_WARN_CONSTANT_CONVERSION = YES;
				CLANG_WARN_DEPRECATED_OBJC_IMPLEMENTATIONS = YES;
				CLANG_WARN_DIRECT_OBJC_ISA_USAGE = YES_ERROR;
				CLANG_WARN_DOCUMENTATION_COMMENTS = YES;
				CLANG_WARN_EMPTY_BODY = YES;
				CLANG_WARN_ENUM_CONVERSION = YES;
				CLANG_WARN_INFINITE_RECURSION = YES;
				CLANG_WARN_INT_CONVERSION = YES;
				CLANG_WARN_NON_LITERAL_NULL_CONVERSION = YES;
				CLANG_WARN_OBJC_IMPLICIT_RETAIN_SELF = YES;
				CLANG_WARN_OBJC_LITERAL_CONVERSION = YES;
				CLANG_WARN_OBJC_ROOT_CLASS = YES_ERROR;
				CLANG_WARN_QUOTED_INCLUDE_IN_FRAMEWORK_HEADER = YES;
				CLANG_WARN_RANGE_LOOP_ANALYSIS = YES;
				CLANG_WARN_STRICT_PROTOTYPES = YES;
				CLANG_WARN_SUSPICIOUS_MOVE = YES;
				CLANG_WARN_UNGUARDED_AVAILABILITY = YES_AGGRESSIVE;
				CLANG_WARN_UNREACHABLE_CODE = YES;
				CLANG_WARN__DUPLICATE_METHOD_MATCH = YES;
				COPY_PHASE_STRIP = NO;
				DEBUG_INFORMATION_FORMAT = dwarf;
				ENABLE_STRICT_OBJC_MSGSEND = YES;
				ENABLE_TESTABILITY = YES;
				GCC_C_LANGUAGE_STANDARD = gnu11;
				GCC_DYNAMIC_NO_PIC = NO;
				GCC_NO_COMMON_BLOCKS = YES;
				GCC_OPTIMIZATION_LEVEL = 0;
				GCC_PREPROCESSOR_DEFINITIONS = (
					"DEBUG=1",
					"$(inherited)",
				);
				GCC_WARN_64_TO_32_BIT_CONVERSION = YES;
				GCC_WARN_ABOUT_RETURN_TYPE = YES_ERROR;
				GCC_WARN_UNDECLARED_SELECTOR = YES;
				GCC_WARN_UNINITIALIZED_AUTOS = YES_AGGRESSIVE;
				GCC_WARN_UNUSED_FUNCTION = YES;
				GCC_WARN_UNUSED_VARIABLE = YES;
				MTL_ENABLE_DEBUG_INFO = INCLUDE_SOURCE;
				MTL_FAST_MATH = YES;
				ONLY_ACTIVE_ARCH = YES;
				SWIFT_ACTIVE_COMPILATION_CONDITIONS = DEBUG;
				SWIFT_OPTIMIZATION_LEVEL = "-Onone";
			};
			name = Debug;
		};
		16DF655427488CD000134A0D /* Release */ = {
			isa = XCBuildConfiguration;
			buildSettings = {
				ALWAYS_SEARCH_USER_PATHS = NO;
				CLANG_ANALYZER_NONNULL = YES;
				CLANG_ANALYZER_NUMBER_OBJECT_CONVERSION = YES_AGGRESSIVE;
				CLANG_CXX_LANGUAGE_STANDARD = "gnu++17";
				CLANG_CXX_LIBRARY = "libc++";
				CLANG_ENABLE_MODULES = YES;
				CLANG_ENABLE_OBJC_ARC = YES;
				CLANG_ENABLE_OBJC_WEAK = YES;
				CLANG_WARN_BLOCK_CAPTURE_AUTORELEASING = YES;
				CLANG_WARN_BOOL_CONVERSION = YES;
				CLANG_WARN_COMMA = YES;
				CLANG_WARN_CONSTANT_CONVERSION = YES;
				CLANG_WARN_DEPRECATED_OBJC_IMPLEMENTATIONS = YES;
				CLANG_WARN_DIRECT_OBJC_ISA_USAGE = YES_ERROR;
				CLANG_WARN_DOCUMENTATION_COMMENTS = YES;
				CLANG_WARN_EMPTY_BODY = YES;
				CLANG_WARN_ENUM_CONVERSION = YES;
				CLANG_WARN_INFINITE_RECURSION = YES;
				CLANG_WARN_INT_CONVERSION = YES;
				CLANG_WARN_NON_LITERAL_NULL_CONVERSION = YES;
				CLANG_WARN_OBJC_IMPLICIT_RETAIN_SELF = YES;
				CLANG_WARN_OBJC_LITERAL_CONVERSION = YES;
				CLANG_WARN_OBJC_ROOT_CLASS = YES_ERROR;
				CLANG_WARN_QUOTED_INCLUDE_IN_FRAMEWORK_HEADER = YES;
				CLANG_WARN_RANGE_LOOP_ANALYSIS = YES;
				CLANG_WARN_STRICT_PROTOTYPES = YES;
				CLANG_WARN_SUSPICIOUS_MOVE = YES;
				CLANG_WARN_UNGUARDED_AVAILABILITY = YES_AGGRESSIVE;
				CLANG_WARN_UNREACHABLE_CODE = YES;
				CLANG_WARN__DUPLICATE_METHOD_MATCH = YES;
				COPY_PHASE_STRIP = NO;
				DEBUG_INFORMATION_FORMAT = "dwarf-with-dsym";
				ENABLE_NS_ASSERTIONS = NO;
				ENABLE_STRICT_OBJC_MSGSEND = YES;
				GCC_C_LANGUAGE_STANDARD = gnu11;
				GCC_NO_COMMON_BLOCKS = YES;
				GCC_WARN_64_TO_32_BIT_CONVERSION = YES;
				GCC_WARN_ABOUT_RETURN_TYPE = YES_ERROR;
				GCC_WARN_UNDECLARED_SELECTOR = YES;
				GCC_WARN_UNINITIALIZED_AUTOS = YES_AGGRESSIVE;
				GCC_WARN_UNUSED_FUNCTION = YES;
				GCC_WARN_UNUSED_VARIABLE = YES;
				MTL_ENABLE_DEBUG_INFO = NO;
				MTL_FAST_MATH = YES;
				SWIFT_COMPILATION_MODE = wholemodule;
				SWIFT_OPTIMIZATION_LEVEL = "-O";
			};
			name = Release;
		};
		16DF655627488CD000134A0D /* Debug */ = {
			isa = XCBuildConfiguration;
			buildSettings = {
				ASSETCATALOG_COMPILER_APPICON_NAME = AppIcon;
				ASSETCATALOG_COMPILER_GLOBAL_ACCENT_COLOR_NAME = AccentColor;
				CODE_SIGN_STYLE = Automatic;
				CURRENT_PROJECT_VERSION = 1;
				ENABLE_PREVIEWS = YES;
				GENERATE_INFOPLIST_FILE = YES;
				INFOPLIST_KEY_UIApplicationSceneManifest_Generation = YES;
				INFOPLIST_KEY_UIApplicationSupportsIndirectInputEvents = YES;
				INFOPLIST_KEY_UILaunchScreen_Generation = YES;
				INFOPLIST_KEY_UISupportedInterfaceOrientations_iPad = "UIInterfaceOrientationPortrait UIInterfaceOrientationPortraitUpsideDown UIInterfaceOrientationLandscapeLeft UIInterfaceOrientationLandscapeRight";
				INFOPLIST_KEY_UISupportedInterfaceOrientations_iPhone = "UIInterfaceOrientationPortrait UIInterfaceOrientationLandscapeLeft UIInterfaceOrientationLandscapeRight";
				IPHONEOS_DEPLOYMENT_TARGET = 15.0;
				LD_RUNPATH_SEARCH_PATHS = (
					"$(inherited)",
					"@executable_path/Frameworks",
				);
				MARKETING_VERSION = 1.0;
				PRODUCT_BUNDLE_IDENTIFIER = Bobby.FitnessTimer;
				PRODUCT_NAME = FitnessTimer;
				SDKROOT = iphoneos;
				SWIFT_EMIT_LOC_STRINGS = YES;
				SWIFT_VERSION = 5.0;
				TARGETED_DEVICE_FAMILY = "1,2";
			};
			name = Debug;
		};
		16DF655727488CD000134A0D /* Release */ = {
			isa = XCBuildConfiguration;
			buildSettings = {
				ASSETCATALOG_COMPILER_APPICON_NAME = AppIcon;
				ASSETCATALOG_COMPILER_GLOBAL_ACCENT_COLOR_NAME = AccentColor;
				CODE_SIGN_STYLE = Automatic;
				CURRENT_PROJECT_VERSION = 1;
				ENABLE_PREVIEWS = YES;
				GENERATE_INFOPLIST_FILE = YES;
				INFOPLIST_KEY_UIApplicationSceneManifest_Generation = YES;
				INFOPLIST_KEY_UIApplicationSupportsIndirectInputEvents = YES;
				INFOPLIST_KEY_UILaunchScreen_Generation = YES;
				INFOPLIST_KEY_UISupportedInterfaceOrientations_iPad = "UIInterfaceOrientationPortrait UIInterfaceOrientationPortraitUpsideDown UIInterfaceOrientationLandscapeLeft UIInterfaceOrientationLandscapeRight";
				INFOPLIST_KEY_UISupportedInterfaceOrientations_iPhone = "UIInterfaceOrientationPortrait UIInterfaceOrientationLandscapeLeft UIInterfaceOrientationLandscapeRight";
				IPHONEOS_DEPLOYMENT_TARGET = 15.0;
				LD_RUNPATH_SEARCH_PATHS = (
					"$(inherited)",
					"@executable_path/Frameworks",
				);
				MARKETING_VERSION = 1.0;
				PRODUCT_BUNDLE_IDENTIFIER = Bobby.FitnessTimer;
				PRODUCT_NAME = FitnessTimer;
				SDKROOT = iphoneos;
				SWIFT_EMIT_LOC_STRINGS = YES;
				SWIFT_VERSION = 5.0;
				TARGETED_DEVICE_FAMILY = "1,2";
				VALIDATE_PRODUCT = YES;
			};
			name = Release;
		};
		16DF655927488CD000134A0D /* Debug */ = {
			isa = XCBuildConfiguration;
			buildSettings = {
				ASSETCATALOG_COMPILER_APPICON_NAME = AppIcon;
				ASSETCATALOG_COMPILER_GLOBAL_ACCENT_COLOR_NAME = AccentColor;
				CODE_SIGN_ENTITLEMENTS = macOS/macOS.entitlements;
				CODE_SIGN_STYLE = Automatic;
				COMBINE_HIDPI_IMAGES = YES;
				CURRENT_PROJECT_VERSION = 1;
				ENABLE_PREVIEWS = YES;
				GENERATE_INFOPLIST_FILE = YES;
				INFOPLIST_KEY_NSHumanReadableCopyright = "";
				LD_RUNPATH_SEARCH_PATHS = (
					"$(inherited)",
					"@executable_path/../Frameworks",
				);
				MACOSX_DEPLOYMENT_TARGET = 11.0;
				MARKETING_VERSION = 1.0;
				PRODUCT_BUNDLE_IDENTIFIER = Bobby.FitnessTimer;
				PRODUCT_NAME = FitnessTimer;
				SDKROOT = macosx;
				SWIFT_EMIT_LOC_STRINGS = YES;
				SWIFT_VERSION = 5.0;
			};
			name = Debug;
		};
		16DF655A27488CD000134A0D /* Release */ = {
			isa = XCBuildConfiguration;
			buildSettings = {
				ASSETCATALOG_COMPILER_APPICON_NAME = AppIcon;
				ASSETCATALOG_COMPILER_GLOBAL_ACCENT_COLOR_NAME = AccentColor;
				CODE_SIGN_ENTITLEMENTS = macOS/macOS.entitlements;
				CODE_SIGN_STYLE = Automatic;
				COMBINE_HIDPI_IMAGES = YES;
				CURRENT_PROJECT_VERSION = 1;
				ENABLE_PREVIEWS = YES;
				GENERATE_INFOPLIST_FILE = YES;
				INFOPLIST_KEY_NSHumanReadableCopyright = "";
				LD_RUNPATH_SEARCH_PATHS = (
					"$(inherited)",
					"@executable_path/../Frameworks",
				);
				MACOSX_DEPLOYMENT_TARGET = 11.0;
				MARKETING_VERSION = 1.0;
				PRODUCT_BUNDLE_IDENTIFIER = Bobby.FitnessTimer;
				PRODUCT_NAME = FitnessTimer;
				SDKROOT = macosx;
				SWIFT_EMIT_LOC_STRINGS = YES;
				SWIFT_VERSION = 5.0;
			};
			name = Release;
		};
/* End XCBuildConfiguration section */

/* Begin XCConfigurationList section */
		16DF653B27488CCF00134A0D /* Build configuration list for PBXProject "FitnessTimer" */ = {
			isa = XCConfigurationList;
			buildConfigurations = (
				16DF655327488CD000134A0D /* Debug */,
				16DF655427488CD000134A0D /* Release */,
			);
			defaultConfigurationIsVisible = 0;
			defaultConfigurationName = Release;
		};
		16DF655527488CD000134A0D /* Build configuration list for PBXNativeTarget "FitnessTimer (iOS)" */ = {
			isa = XCConfigurationList;
			buildConfigurations = (
				16DF655627488CD000134A0D /* Debug */,
				16DF655727488CD000134A0D /* Release */,
			);
			defaultConfigurationIsVisible = 0;
			defaultConfigurationName = Release;
		};
		16DF655827488CD000134A0D /* Build configuration list for PBXNativeTarget "FitnessTimer (macOS)" */ = {
			isa = XCConfigurationList;
			buildConfigurations = (
				16DF655927488CD000134A0D /* Debug */,
				16DF655A27488CD000134A0D /* Release */,
			);
			defaultConfigurationIsVisible = 0;
			defaultConfigurationName = Release;
		};
/* End XCConfigurationList section */
	};
	rootObject = 16DF653827488CCF00134A0D /* Project object */;
}
